
Microsoft Visual Studio Solution File, Format Version 12.00
# Visual Studio Version 18
VisualStudioVersion = 18.2.11415.280 d18.0
MinimumVisualStudioVersion = 10.0.40219.1
Project("{FAE04EC0-301F-11D3-BF4B-00C04F79EFBC}") = "Kathrein-ChanEdit", "Kathrein-ChanEdit\Kathrein-ChanEdit.csproj", "{61438766-3E09-4A45-9BFA-E75D5A7DFD7D}"
EndProject
Project("{FAE04EC0-301F-11D3-BF4B-00C04F79EFBC}") = "Kathrein-RecBrowser", "Kathrein-RecBrowser\Kathrein-RecBrowser.csproj", "{42DF78F1-3B28-40BC-945C-7DD33FC2BBDC}"
EndProject
Global
	GlobalSection(SolutionConfigurationPlatforms) = preSolution
		Debug|Any CPU = Debug|Any CPU
		Release|Any CPU = Release|Any CPU
	EndGlobalSection
	GlobalSection(ProjectConfigurationPlatforms) = postSolution
		{61438766-3E09-4A45-9BFA-E75D5A7DFD7D}.Debug|Any CPU.ActiveCfg = Debug|Any CPU
		{61438766-3E09-4A45-9BFA-E75D5A7DFD7D}.Debug|Any CPU.Build.0 = Debug|Any CPU
		{61438766-3E09-4A45-9BFA-E75D5A7DFD7D}.Release|Any CPU.ActiveCfg = Release|Any CPU
		{61438766-3E09-4A45-9BFA-E75D5A7DFD7D}.Release|Any CPU.Build.0 = Release|Any CPU
		{42DF78F1-3B28-40BC-945C-7DD33FC2BBDC}.Debug|Any CPU.ActiveCfg = Debug|Any CPU
		{42DF78F1-3B28-40BC-945C-7DD33FC2BBDC}.Debug|Any CPU.Build.0 = Debug|Any CPU
		{42DF78F1-3B28-40BC-945C-7DD33FC2BBDC}.Release|Any CPU.ActiveCfg = Release|Any CPU
		{42DF78F1-3B28-40BC-945C-7DD33FC2BBDC}.Release|Any CPU.Build.0 = Release|Any CPU
	EndGlobalSection
	GlobalSection(SolutionProperties) = preSolution
		HideSolutionNode = FALSE
	EndGlobalSection
	GlobalSection(ExtensibilityGlobals) = postSolution
		SolutionGuid = {498FA004-1C32-4367-B82A-010BF9F9C48C}
	EndGlobalSection
EndGlobal
